
Microsoft Visual Studio Solution File, Format Version 12.00
# Visual Studio Version 17
VisualStudioVersion = 17.11.35327.3
MinimumVisualStudioVersion = 10.0.40219.1
Project("{FAE04EC0-301F-11D3-BF4B-00C04F79EFBC}") = "RealEstateLibrary", "RealEstateLibrary\RealEstateLibrary.csproj", "{4B9B54AB-BEF7-4909-9C2D-C6D02B703F45}"
EndProject
Project("{FAE04EC0-301F-11D3-BF4B-00C04F79EFBC}") = "RealEstateConsoleApp", "RealEstateConsoleApp\RealEstateConsoleApp.csproj", "{2E80B6E0-77C2-4BF6-99B0-7B002274E14D}"
EndProject
Global
	GlobalSection(SolutionConfigurationPlatforms) = preSolution
		Debug|Any CPU = Debug|Any CPU
		Release|Any CPU = Release|Any CPU
	EndGlobalSection
	GlobalSection(ProjectConfigurationPlatforms) = postSolution
		{4B9B54AB-BEF7-4909-9C2D-C6D02B703F45}.Debug|Any CPU.ActiveCfg = Debug|Any CPU
		{4B9B54AB-BEF7-4909-9C2D-C6D02B703F45}.Debug|Any CPU.Build.0 = Debug|Any CPU
		{4B9B54AB-BEF7-4909-9C2D-C6D02B703F45}.Release|Any CPU.ActiveCfg = Release|Any CPU
		{4B9B54AB-BEF7-4909-9C2D-C6D02B703F45}.Release|Any CPU.Build.0 = Release|Any CPU
		{2E80B6E0-77C2-4BF6-99B0-7B002274E14D}.Debug|Any CPU.ActiveCfg = Debug|Any CPU
		{2E80B6E0-77C2-4BF6-99B0-7B002274E14D}.Debug|Any CPU.Build.0 = Debug|Any CPU
		{2E80B6E0-77C2-4BF6-99B0-7B002274E14D}.Release|Any CPU.ActiveCfg = Release|Any CPU
		{2E80B6E0-77C2-4BF6-99B0-7B002274E14D}.Release|Any CPU.Build.0 = Release|Any CPU
	EndGlobalSection
	GlobalSection(SolutionProperties) = preSolution
		HideSolutionNode = FALSE
	EndGlobalSection
	GlobalSection(ExtensibilityGlobals) = postSolution
		SolutionGuid = {B2CAB3AF-A76D-490D-BD0B-F95B383E4AC9}
	EndGlobalSection
EndGlobal
